
Microsoft Visual Studio Solution File, Format Version 12.00
# Visual Studio Version 16
VisualStudioVersion = 16.0.31829.152
MinimumVisualStudioVersion = 10.0.40219.1
Project("{FAE04EC0-301F-11D3-BF4B-00C04F79EFBC}") = "Roulette", "Roulette\Roulette.csproj", "{E3BFA00F-A15E-4E6B-B9EF-F421C1BE3C6D}"
EndProject
Project("{2150E333-8FDC-42A3-9474-1A3956D46DE8}") = "Solution Items", "Solution Items", "{3D817C76-8996-482B-8F62-930322B21BBC}"
	ProjectSection(SolutionItems) = preProject
		.editorconfig = .editorconfig
	EndProjectSection
EndProject
Global
	GlobalSection(SolutionConfigurationPlatforms) = preSolution
		Debug|Any CPU = Debug|Any CPU
		Release|Any CPU = Release|Any CPU
	EndGlobalSection
	GlobalSection(ProjectConfigurationPlatforms) = postSolution
		{E3BFA00F-A15E-4E6B-B9EF-F421C1BE3C6D}.Debug|Any CPU.ActiveCfg = Debug|Any CPU
		{E3BFA00F-A15E-4E6B-B9EF-F421C1BE3C6D}.Debug|Any CPU.Build.0 = Debug|Any CPU
		{E3BFA00F-A15E-4E6B-B9EF-F421C1BE3C6D}.Release|Any CPU.ActiveCfg = Release|Any CPU
		{E3BFA00F-A15E-4E6B-B9EF-F421C1BE3C6D}.Release|Any CPU.Build.0 = Release|Any CPU
	EndGlobalSection
	GlobalSection(SolutionProperties) = preSolution
		HideSolutionNode = FALSE
	EndGlobalSection
	GlobalSection(ExtensibilityGlobals) = postSolution
		SolutionGuid = {E2DBDB99-C9CA-4B38-90CA-6AA1434736AA}
	EndGlobalSection
EndGlobal
